# This file was autogenerated by Stack.
# You should not edit this file by hand.
# For more information, please see the documentation at:
#   https://docs.haskellstack.org/en/stable/lock_files

packages:
- completed:
    hackage: ghc-lib-parser-9.8.1.20231121@sha256:59eb85f5db2aec897a80026f68df3ee1d51507eed80a3e8aa0a16cfe4fbdf3c2,16619
    pantry-tree:
      sha256: 5879310e37a3bad25a1c227cd42d351f5aa1c17d29a6a9b9e58ec02bf7ba7e69
      size: 35728
  original:
    hackage: ghc-lib-parser-9.8.1.20231121
- completed:
    hackage: ghc-lib-parser-ex-9.8.0.0@sha256:ca1b171bce790a709f5aa75fc013ec978eebfc9872b16962f642a672649e624e,3519
    pantry-tree:
      sha256: d620fc50b148cd9d9d3135e045ac69ddfa3b75d3e40d6a7e8d9ae9f50534e39c
      size: 1955
  original:
    hackage: ghc-lib-parser-ex-9.8.0.0
snapshots:
- completed:
    sha256: 126fa33ceb11f5e85ceb4e86d434756bd9a8439e2e5776d306a15fbc63b01e89
    size: 650041
    url: https://raw.githubusercontent.com/commercialhaskell/stackage-snapshots/master/lts/20/20.yaml
  original:
    url: https://raw.githubusercontent.com/commercialhaskell/stackage-snapshots/master/lts/20/20.yaml
