# This file was autogenerated by Stack.
# You should not edit this file by hand.
# For more information, please see the documentation at:
#   https://docs.haskellstack.org/en/stable/lock_files

packages:
- completed:
    size: 9805847
    subdir: llvm-hs
    url: https://github.com/llvm-hs/llvm-hs/archive/423220bffac4990d019fc088c46c5f25310d5a33.tar.gz
    name: llvm-hs
    version: 12.0.0
    sha256: e3f57577735088c23eac466ccb60ab7ffadeeaa1cb92881bfbb585b50ed227e3
    pantry-tree:
      size: 12781
      sha256: 9b23124e823e5033382960de17f7b2c6a406afc52e6d3c3ac4f08fde382632be
  original:
    subdir: llvm-hs
    url: https://github.com/llvm-hs/llvm-hs/archive/423220bffac4990d019fc088c46c5f25310d5a33.tar.gz
- completed:
    size: 9805847
    subdir: llvm-hs-pure
    url: https://github.com/llvm-hs/llvm-hs/archive/423220bffac4990d019fc088c46c5f25310d5a33.tar.gz
    name: llvm-hs-pure
    version: 12.0.0
    sha256: e3f57577735088c23eac466ccb60ab7ffadeeaa1cb92881bfbb585b50ed227e3
    pantry-tree:
      size: 2712
      sha256: cdb0ef9cee5b3569791494c8ac4e1dc5d0fe778f7c9bd2f661e537d1e2ca639b
  original:
    subdir: llvm-hs-pure
    url: https://github.com/llvm-hs/llvm-hs/archive/423220bffac4990d019fc088c46c5f25310d5a33.tar.gz
snapshots:
- completed:
    size: 640457
    url: https://raw.githubusercontent.com/commercialhaskell/stackage-snapshots/master/lts/21/7.yaml
    sha256: 23bb9bb355bfdb1635252e120a29b712f0d5e8a6c6a65c5ab5bd6692f46c438e
  original:
    url: https://raw.githubusercontent.com/commercialhaskell/stackage-snapshots/master/lts/21/7.yaml
